
Microsoft Visual Studio Solution File, Format Version 12.00
# Visual Studio Version 16
VisualStudioVersion = 16.0.29905.134
MinimumVisualStudioVersion = 10.0.40219.1
Project("{FAE04EC0-301F-11D3-BF4B-00C04F79EFBC}") = "Solution 2", "Solution 2\Solution 2.csproj", "{9ED4DEC6-CA0F-4994-9CC8-9330BC008271}"
EndProject
Global
	GlobalSection(SolutionConfigurationPlatforms) = preSolution
		Debug|Any CPU = Debug|Any CPU
		Release|Any CPU = Release|Any CPU
	EndGlobalSection
	GlobalSection(ProjectConfigurationPlatforms) = postSolution
		{9ED4DEC6-CA0F-4994-9CC8-9330BC008271}.Debug|Any CPU.ActiveCfg = Debug|Any CPU
		{9ED4DEC6-CA0F-4994-9CC8-9330BC008271}.Debug|Any CPU.Build.0 = Debug|Any CPU
		{9ED4DEC6-CA0F-4994-9CC8-9330BC008271}.Release|Any CPU.ActiveCfg = Release|Any CPU
		{9ED4DEC6-CA0F-4994-9CC8-9330BC008271}.Release|Any CPU.Build.0 = Release|Any CPU
	EndGlobalSection
	GlobalSection(SolutionProperties) = preSolution
		HideSolutionNode = FALSE
	EndGlobalSection
	GlobalSection(ExtensibilityGlobals) = postSolution
		SolutionGuid = {81EE6243-4D5B-4919-961D-4BC437C77112}
	EndGlobalSection
EndGlobal
