
Microsoft Visual Studio Solution File, Format Version 12.00
# Visual Studio Version 16
VisualStudioVersion = 16.0.29905.134
MinimumVisualStudioVersion = 10.0.40219.1
Project("{FAE04EC0-301F-11D3-BF4B-00C04F79EFBC}") = "Solution 1", "Solution 1\Solution 1.csproj", "{2A4003B3-314E-41C0-8CF7-143FD823D994}"
EndProject
Project("{FAE04EC0-301F-11D3-BF4B-00C04F79EFBC}") = "Solution1.Data", "Solution 1 Data\Solution1.Data.csproj", "{B8D6DAD0-F0E7-4FC4-B76F-8DB9356774B3}"
EndProject
Global
	GlobalSection(SolutionConfigurationPlatforms) = preSolution
		Debug|Any CPU = Debug|Any CPU
		Release|Any CPU = Release|Any CPU
	EndGlobalSection
	GlobalSection(ProjectConfigurationPlatforms) = postSolution
		{2A4003B3-314E-41C0-8CF7-143FD823D994}.Debug|Any CPU.ActiveCfg = Debug|Any CPU
		{2A4003B3-314E-41C0-8CF7-143FD823D994}.Debug|Any CPU.Build.0 = Debug|Any CPU
		{2A4003B3-314E-41C0-8CF7-143FD823D994}.Release|Any CPU.ActiveCfg = Release|Any CPU
		{2A4003B3-314E-41C0-8CF7-143FD823D994}.Release|Any CPU.Build.0 = Release|Any CPU
		{B8D6DAD0-F0E7-4FC4-B76F-8DB9356774B3}.Debug|Any CPU.ActiveCfg = Debug|Any CPU
		{B8D6DAD0-F0E7-4FC4-B76F-8DB9356774B3}.Debug|Any CPU.Build.0 = Debug|Any CPU
		{B8D6DAD0-F0E7-4FC4-B76F-8DB9356774B3}.Release|Any CPU.ActiveCfg = Release|Any CPU
		{B8D6DAD0-F0E7-4FC4-B76F-8DB9356774B3}.Release|Any CPU.Build.0 = Release|Any CPU
	EndGlobalSection
	GlobalSection(SolutionProperties) = preSolution
		HideSolutionNode = FALSE
	EndGlobalSection
	GlobalSection(ExtensibilityGlobals) = postSolution
		SolutionGuid = {B05FE1D3-E72F-4218-AE3D-DFDA595993EE}
	EndGlobalSection
EndGlobal
